
Microsoft Visual Studio Solution File, Format Version 12.00
# Visual Studio Version 16
VisualStudioVersion = 16.0.29418.71
MinimumVisualStudioVersion = 10.0.40219.1
Project("{FAE04EC0-301F-11D3-BF4B-00C04F79EFBC}") = "Lab7Question2", "Lab7Question2\Lab7Question2.csproj", "{90D6FCC9-899C-48E1-A228-19CFADAF4D45}"
EndProject
Global
	GlobalSection(SolutionConfigurationPlatforms) = preSolution
		Debug|Any CPU = Debug|Any CPU
		Release|Any CPU = Release|Any CPU
	EndGlobalSection
	GlobalSection(ProjectConfigurationPlatforms) = postSolution
		{90D6FCC9-899C-48E1-A228-19CFADAF4D45}.Debug|Any CPU.ActiveCfg = Debug|Any CPU
		{90D6FCC9-899C-48E1-A228-19CFADAF4D45}.Debug|Any CPU.Build.0 = Debug|Any CPU
		{90D6FCC9-899C-48E1-A228-19CFADAF4D45}.Release|Any CPU.ActiveCfg = Release|Any CPU
		{90D6FCC9-899C-48E1-A228-19CFADAF4D45}.Release|Any CPU.Build.0 = Release|Any CPU
	EndGlobalSection
	GlobalSection(SolutionProperties) = preSolution
		HideSolutionNode = FALSE
	EndGlobalSection
	GlobalSection(ExtensibilityGlobals) = postSolution
		SolutionGuid = {A5E735EE-0DDD-4FC1-A64C-8063D1F1B17F}
	EndGlobalSection
EndGlobal
