
Microsoft Visual Studio Solution File, Format Version 12.00
# Visual Studio Version 16
VisualStudioVersion = 16.0.29418.71
MinimumVisualStudioVersion = 10.0.40219.1
Project("{FAE04EC0-301F-11D3-BF4B-00C04F79EFBC}") = "Lab2", "Lab2\Lab2.csproj", "{539E8CBC-5248-4971-A0C1-2EBB5C6B7EC3}"
EndProject
Global
	GlobalSection(SolutionConfigurationPlatforms) = preSolution
		Debug|Any CPU = Debug|Any CPU
		Release|Any CPU = Release|Any CPU
	EndGlobalSection
	GlobalSection(ProjectConfigurationPlatforms) = postSolution
		{539E8CBC-5248-4971-A0C1-2EBB5C6B7EC3}.Debug|Any CPU.ActiveCfg = Debug|Any CPU
		{539E8CBC-5248-4971-A0C1-2EBB5C6B7EC3}.Debug|Any CPU.Build.0 = Debug|Any CPU
		{539E8CBC-5248-4971-A0C1-2EBB5C6B7EC3}.Release|Any CPU.ActiveCfg = Release|Any CPU
		{539E8CBC-5248-4971-A0C1-2EBB5C6B7EC3}.Release|Any CPU.Build.0 = Release|Any CPU
	EndGlobalSection
	GlobalSection(SolutionProperties) = preSolution
		HideSolutionNode = FALSE
	EndGlobalSection
	GlobalSection(ExtensibilityGlobals) = postSolution
		SolutionGuid = {0B34F0EA-D1FB-428B-9B26-6B0A242A8587}
	EndGlobalSection
EndGlobal
