
Microsoft Visual Studio Solution File, Format Version 12.00
# Visual Studio Version 16
VisualStudioVersion = 16.0.29418.71
MinimumVisualStudioVersion = 10.0.40219.1
Project("{FAE04EC0-301F-11D3-BF4B-00C04F79EFBC}") = "Lab2", "Lab2\Lab2.csproj", "{9B021FF5-0A84-4139-B08A-B44AA1EF1F0A}"
EndProject
Global
	GlobalSection(SolutionConfigurationPlatforms) = preSolution
		Debug|Any CPU = Debug|Any CPU
		Release|Any CPU = Release|Any CPU
	EndGlobalSection
	GlobalSection(ProjectConfigurationPlatforms) = postSolution
		{9B021FF5-0A84-4139-B08A-B44AA1EF1F0A}.Debug|Any CPU.ActiveCfg = Debug|Any CPU
		{9B021FF5-0A84-4139-B08A-B44AA1EF1F0A}.Debug|Any CPU.Build.0 = Debug|Any CPU
		{9B021FF5-0A84-4139-B08A-B44AA1EF1F0A}.Release|Any CPU.ActiveCfg = Release|Any CPU
		{9B021FF5-0A84-4139-B08A-B44AA1EF1F0A}.Release|Any CPU.Build.0 = Release|Any CPU
	EndGlobalSection
	GlobalSection(SolutionProperties) = preSolution
		HideSolutionNode = FALSE
	EndGlobalSection
	GlobalSection(ExtensibilityGlobals) = postSolution
		SolutionGuid = {49D95FCC-3506-4F14-A54A-4B68CA94D6AA}
	EndGlobalSection
EndGlobal
